// !$*UTF8*$!
{
	archiveVersion = 1;
	classes = {
	};
	objectVersion = 46;
	objects = {

/* Begin PBXBuildFile section */
		6A053D491B2A3848006337E1 /* CustomTableRow.m in Sources */ = {isa = PBXBuildFile; fileRef = 6A053D481B2A3848006337E1 /* CustomTableRow.m */; };
		6A0AFF951B2CA96A00F7F8F5 /* SendNodInterfaceController.m in Sources */ = {isa = PBXBuildFile; fileRef = 6A0AFF941B2CA96A00F7F8F5 /* SendNodInterfaceController.m */; };
		6A5FE4B21B2A2B23006DAFE8 /* main.m in Sources */ = {isa = PBXBuildFile; fileRef = 6A5FE4B11B2A2B23006DAFE8 /* main.m */; };
		6A5FE4B51B2A2B23006DAFE8 /* AppDelegate.m in Sources */ = {isa = PBXBuildFile; fileRef = 6A5FE4B41B2A2B23006DAFE8 /* AppDelegate.m */; };
		6A5FE4BB1B2A2B23006DAFE8 /* Main.storyboard in Resources */ = {isa = PBXBuildFile; fileRef = 6A5FE4B91B2A2B23006DAFE8 /* Main.storyboard */; };
		6A5FE4BD1B2A2B23006DAFE8 /* Assets.xcassets in Resources */ = {isa = PBXBuildFile; fileRef = 6A5FE4BC1B2A2B23006DAFE8 /* Assets.xcassets */; };
		6A5FE4C01B2A2B23006DAFE8 /* LaunchScreen.storyboard in Resources */ = {isa = PBXBuildFile; fileRef = 6A5FE4BE1B2A2B23006DAFE8 /* LaunchScreen.storyboard */; };
		6A5FE4C51B2A2B23006DAFE8 /* NodWatchTestApp WatchKit App.app in Embed Watch Content */ = {isa = PBXBuildFile; fileRef = 6A5FE4C41B2A2B23006DAFE8 /* NodWatchTestApp WatchKit App.app */; };
		6A5FE4CB1B2A2B23006DAFE8 /* Interface.storyboard in Resources */ = {isa = PBXBuildFile; fileRef = 6A5FE4C91B2A2B23006DAFE8 /* Interface.storyboard */; };
		6A5FE4CD1B2A2B23006DAFE8 /* Assets.xcassets in Resources */ = {isa = PBXBuildFile; fileRef = 6A5FE4CC1B2A2B23006DAFE8 /* Assets.xcassets */; };
		6A5FE4D41B2A2B24006DAFE8 /* NodWatchTestApp WatchKit Extension.appex in Embed App Extensions */ = {isa = PBXBuildFile; fileRef = 6A5FE4D31B2A2B24006DAFE8 /* NodWatchTestApp WatchKit Extension.appex */; settings = {ATTRIBUTES = (RemoveHeadersOnCopy, ); }; };
		6A5FE4DF1B2A2B24006DAFE8 /* ExtensionDelegate.m in Sources */ = {isa = PBXBuildFile; fileRef = 6A5FE4DE1B2A2B24006DAFE8 /* ExtensionDelegate.m */; };
		6A5FE4E51B2A2B24006DAFE8 /* GlanceController.m in Sources */ = {isa = PBXBuildFile; fileRef = 6A5FE4E41B2A2B24006DAFE8 /* GlanceController.m */; };
		6A5FE4E71B2A2B24006DAFE8 /* Assets.xcassets in Resources */ = {isa = PBXBuildFile; fileRef = 6A5FE4E61B2A2B24006DAFE8 /* Assets.xcassets */; };
		6A5FE4FE1B2A2C15006DAFE8 /* NodMainInterfaceController.m in Sources */ = {isa = PBXBuildFile; fileRef = 6A5FE4FD1B2A2C15006DAFE8 /* NodMainInterfaceController.m */; };
		6A5FE5011B2A2C24006DAFE8 /* NodResponseInterfaceController.m in Sources */ = {isa = PBXBuildFile; fileRef = 6A5FE5001B2A2C24006DAFE8 /* NodResponseInterfaceController.m */; };
		6A6CBED41B2CD8BD002C1226 /* SendingNodInterfaceController.m in Sources */ = {isa = PBXBuildFile; fileRef = 6A6CBED31B2CD8BD002C1226 /* SendingNodInterfaceController.m */; };
		6A97A4CC1B2A4A5E00F85550 /* NodMessageInterfaceController.m in Sources */ = {isa = PBXBuildFile; fileRef = 6A97A4CB1B2A4A5E00F85550 /* NodMessageInterfaceController.m */; };
		6AB9301D1B2A53260020EB29 /* NodMessageTableViewController.m in Sources */ = {isa = PBXBuildFile; fileRef = 6AB9301C1B2A53260020EB29 /* NodMessageTableViewController.m */; };
		6AB930201B2A66CE0020EB29 /* NodNotificationController.m in Sources */ = {isa = PBXBuildFile; fileRef = 6AB9301F1B2A66CE0020EB29 /* NodNotificationController.m */; };
/* End PBXBuildFile section */

/* Begin PBXContainerItemProxy section */
		6A5FE4C61B2A2B23006DAFE8 /* PBXContainerItemProxy */ = {
			isa = PBXContainerItemProxy;
			containerPortal = 6A5FE4A51B2A2B23006DAFE8 /* Project object */;
			proxyType = 1;
			remoteGlobalIDString = 6A5FE4C31B2A2B23006DAFE8;
			remoteInfo = "NodWatchTestApp WatchKit App";
		};
		6A5FE4D51B2A2B24006DAFE8 /* PBXContainerItemProxy */ = {
			isa = PBXContainerItemProxy;
			containerPortal = 6A5FE4A51B2A2B23006DAFE8 /* Project object */;
			proxyType = 1;
			remoteGlobalIDString = 6A5FE4D21B2A2B24006DAFE8;
			remoteInfo = "NodWatchTestApp WatchKit Extension";
		};
/* End PBXContainerItemProxy section */

/* Begin PBXCopyFilesBuildPhase section */
		6A5FE4EE1B2A2B24006DAFE8 /* Embed App Extensions */ = {
			isa = PBXCopyFilesBuildPhase;
			buildActionMask = 2147483647;
			dstPath = "";
			dstSubfolderSpec = 13;
			files = (
				6A5FE4D41B2A2B24006DAFE8 /* NodWatchTestApp WatchKit Extension.appex in Embed App Extensions */,
			);
			name = "Embed App Extensions";
			runOnlyForDeploymentPostprocessing = 0;
		};
		6A5FE4F21B2A2B24006DAFE8 /* Embed Watch Content */ = {
			isa = PBXCopyFilesBuildPhase;
			buildActionMask = 2147483647;
			dstPath = "$(CONTENTS_FOLDER_PATH)/Watch";
			dstSubfolderSpec = 16;
			files = (
				6A5FE4C51B2A2B23006DAFE8 /* NodWatchTestApp WatchKit App.app in Embed Watch Content */,
			);
			name = "Embed Watch Content";
			runOnlyForDeploymentPostprocessing = 0;
		};
/* End PBXCopyFilesBuildPhase section */

/* Begin PBXFileReference section */
		6A053D471B2A3848006337E1 /* CustomTableRow.h */ = {isa = PBXFileReference; fileEncoding = 4; lastKnownFileType = sourcecode.c.h; path = CustomTableRow.h; sourceTree = "<group>"; };
		6A053D481B2A3848006337E1 /* CustomTableRow.m */ = {isa = PBXFileReference; fileEncoding = 4; lastKnownFileType = sourcecode.c.objc; path = CustomTableRow.m; sourceTree = "<group>"; };
		6A0AFF931B2CA96A00F7F8F5 /* SendNodInterfaceController.h */ = {isa = PBXFileReference; fileEncoding = 4; lastKnownFileType = sourcecode.c.h; path = SendNodInterfaceController.h; sourceTree = "<group>"; };
		6A0AFF941B2CA96A00F7F8F5 /* SendNodInterfaceController.m */ = {isa = PBXFileReference; fileEncoding = 4; lastKnownFileType = sourcecode.c.objc; path = SendNodInterfaceController.m; sourceTree = "<group>"; };
		6A5FE4AD1B2A2B23006DAFE8 /* NodWatchTestApp.app */ = {isa = PBXFileReference; explicitFileType = wrapper.application; includeInIndex = 0; path = NodWatchTestApp.app; sourceTree = BUILT_PRODUCTS_DIR; };
		6A5FE4B11B2A2B23006DAFE8 /* main.m */ = {isa = PBXFileReference; lastKnownFileType = sourcecode.c.objc; path = main.m; sourceTree = "<group>"; };
		6A5FE4B31B2A2B23006DAFE8 /* AppDelegate.h */ = {isa = PBXFileReference; lastKnownFileType = sourcecode.c.h; path = AppDelegate.h; sourceTree = "<group>"; };
		6A5FE4B41B2A2B23006DAFE8 /* AppDelegate.m */ = {isa = PBXFileReference; lastKnownFileType = sourcecode.c.objc; path = AppDelegate.m; sourceTree = "<group>"; };
		6A5FE4BA1B2A2B23006DAFE8 /* Base */ = {isa = PBXFileReference; lastKnownFileType = file.storyboard; name = Base; path = Base.lproj/Main.storyboard; sourceTree = "<group>"; };
		6A5FE4BC1B2A2B23006DAFE8 /* Assets.xcassets */ = {isa = PBXFileReference; lastKnownFileType = folder.assetcatalog; path = Assets.xcassets; sourceTree = "<group>"; };
		6A5FE4BF1B2A2B23006DAFE8 /* Base */ = {isa = PBXFileReference; lastKnownFileType = file.storyboard; name = Base; path = Base.lproj/LaunchScreen.storyboard; sourceTree = "<group>"; };
		6A5FE4C11B2A2B23006DAFE8 /* Info.plist */ = {isa = PBXFileReference; lastKnownFileType = text.plist.xml; path = Info.plist; sourceTree = "<group>"; };
		6A5FE4C41B2A2B23006DAFE8 /* NodWatchTestApp WatchKit App.app */ = {isa = PBXFileReference; explicitFileType = wrapper.application; includeInIndex = 0; path = "NodWatchTestApp WatchKit App.app"; sourceTree = BUILT_PRODUCTS_DIR; };
		6A5FE4CA1B2A2B23006DAFE8 /* Base */ = {isa = PBXFileReference; lastKnownFileType = file.storyboard; name = Base; path = Base.lproj/Interface.storyboard; sourceTree = "<group>"; };
		6A5FE4CC1B2A2B23006DAFE8 /* Assets.xcassets */ = {isa = PBXFileReference; lastKnownFileType = folder.assetcatalog; path = Assets.xcassets; sourceTree = "<group>"; };
		6A5FE4CE1B2A2B23006DAFE8 /* Info.plist */ = {isa = PBXFileReference; lastKnownFileType = text.plist.xml; path = Info.plist; sourceTree = "<group>"; };
		6A5FE4D31B2A2B24006DAFE8 /* NodWatchTestApp WatchKit Extension.appex */ = {isa = PBXFileReference; explicitFileType = "wrapper.app-extension"; includeInIndex = 0; path = "NodWatchTestApp WatchKit Extension.appex"; sourceTree = BUILT_PRODUCTS_DIR; };
		6A5FE4D91B2A2B24006DAFE8 /* PushNotificationPayload.apns */ = {isa = PBXFileReference; lastKnownFileType = text; path = PushNotificationPayload.apns; sourceTree = "<group>"; };
		6A5FE4DD1B2A2B24006DAFE8 /* ExtensionDelegate.h */ = {isa = PBXFileReference; lastKnownFileType = sourcecode.c.h; path = ExtensionDelegate.h; sourceTree = "<group>"; };
		6A5FE4DE1B2A2B24006DAFE8 /* ExtensionDelegate.m */ = {isa = PBXFileReference; lastKnownFileType = sourcecode.c.objc; path = ExtensionDelegate.m; sourceTree = "<group>"; };
		6A5FE4E31B2A2B24006DAFE8 /* GlanceController.h */ = {isa = PBXFileReference; lastKnownFileType = sourcecode.c.h; path = GlanceController.h; sourceTree = "<group>"; };
		6A5FE4E41B2A2B24006DAFE8 /* GlanceController.m */ = {isa = PBXFileReference; lastKnownFileType = sourcecode.c.objc; path = GlanceController.m; sourceTree = "<group>"; };
		6A5FE4E61B2A2B24006DAFE8 /* Assets.xcassets */ = {isa = PBXFileReference; lastKnownFileType = folder.assetcatalog; path = Assets.xcassets; sourceTree = "<group>"; };
		6A5FE4E81B2A2B24006DAFE8 /* Info.plist */ = {isa = PBXFileReference; lastKnownFileType = text.plist.xml; path = Info.plist; sourceTree = "<group>"; };
		6A5FE4FC1B2A2C15006DAFE8 /* NodMainInterfaceController.h */ = {isa = PBXFileReference; fileEncoding = 4; lastKnownFileType = sourcecode.c.h; path = NodMainInterfaceController.h; sourceTree = "<group>"; };
		6A5FE4FD1B2A2C15006DAFE8 /* NodMainInterfaceController.m */ = {isa = PBXFileReference; fileEncoding = 4; lastKnownFileType = sourcecode.c.objc; path = NodMainInterfaceController.m; sourceTree = "<group>"; };
		6A5FE4FF1B2A2C24006DAFE8 /* NodResponseInterfaceController.h */ = {isa = PBXFileReference; fileEncoding = 4; lastKnownFileType = sourcecode.c.h; path = NodResponseInterfaceController.h; sourceTree = "<group>"; };
		6A5FE5001B2A2C24006DAFE8 /* NodResponseInterfaceController.m */ = {isa = PBXFileReference; fileEncoding = 4; lastKnownFileType = sourcecode.c.objc; path = NodResponseInterfaceController.m; sourceTree = "<group>"; };
		6A6CBED21B2CD8BD002C1226 /* SendingNodInterfaceController.h */ = {isa = PBXFileReference; fileEncoding = 4; lastKnownFileType = sourcecode.c.h; path = SendingNodInterfaceController.h; sourceTree = "<group>"; };
		6A6CBED31B2CD8BD002C1226 /* SendingNodInterfaceController.m */ = {isa = PBXFileReference; fileEncoding = 4; lastKnownFileType = sourcecode.c.objc; path = SendingNodInterfaceController.m; sourceTree = "<group>"; };
		6A97A4CA1B2A4A5E00F85550 /* NodMessageInterfaceController.h */ = {isa = PBXFileReference; fileEncoding = 4; lastKnownFileType = sourcecode.c.h; path = NodMessageInterfaceController.h; sourceTree = "<group>"; };
		6A97A4CB1B2A4A5E00F85550 /* NodMessageInterfaceController.m */ = {isa = PBXFileReference; fileEncoding = 4; lastKnownFileType = sourcecode.c.objc; path = NodMessageInterfaceController.m; sourceTree = "<group>"; };
		6AB9301B1B2A53260020EB29 /* NodMessageTableViewController.h */ = {isa = PBXFileReference; fileEncoding = 4; lastKnownFileType = sourcecode.c.h; path = NodMessageTableViewController.h; sourceTree = "<group>"; };
		6AB9301C1B2A53260020EB29 /* NodMessageTableViewController.m */ = {isa = PBXFileReference; fileEncoding = 4; lastKnownFileType = sourcecode.c.objc; path = NodMessageTableViewController.m; sourceTree = "<group>"; };
		6AB9301E1B2A66CE0020EB29 /* NodNotificationController.h */ = {isa = PBXFileReference; fileEncoding = 4; lastKnownFileType = sourcecode.c.h; path = NodNotificationController.h; sourceTree = "<group>"; };
		6AB9301F1B2A66CE0020EB29 /* NodNotificationController.m */ = {isa = PBXFileReference; fileEncoding = 4; lastKnownFileType = sourcecode.c.objc; path = NodNotificationController.m; sourceTree = "<group>"; };
/* End PBXFileReference section */

/* Begin PBXFrameworksBuildPhase section */
		6A5FE4AA1B2A2B23006DAFE8 /* Frameworks */ = {
			isa = PBXFrameworksBuildPhase;
			buildActionMask = 2147483647;
			files = (
			);
			runOnlyForDeploymentPostprocessing = 0;
		};
		6A5FE4D01B2A2B24006DAFE8 /* Frameworks */ = {
			isa = PBXFrameworksBuildPhase;
			buildActionMask = 2147483647;
			files = (
			);
			runOnlyForDeploymentPostprocessing = 0;
		};
/* End PBXFrameworksBuildPhase section */

/* Begin PBXGroup section */
		6A053D3B1B2A36A8006337E1 /* Interface Controllers */ = {
			isa = PBXGroup;
			children = (
				6A6CBED81B2CD917002C1226 /* Nod Sending Interface Controllers */,
				6A5FE4FC1B2A2C15006DAFE8 /* NodMainInterfaceController.h */,
				6A5FE4FD1B2A2C15006DAFE8 /* NodMainInterfaceController.m */,
				6A97A4CA1B2A4A5E00F85550 /* NodMessageInterfaceController.h */,
				6A97A4CB1B2A4A5E00F85550 /* NodMessageInterfaceController.m */,
				6A5FE4FF1B2A2C24006DAFE8 /* NodResponseInterfaceController.h */,
				6A5FE5001B2A2C24006DAFE8 /* NodResponseInterfaceController.m */,
				6AB9301E1B2A66CE0020EB29 /* NodNotificationController.h */,
				6AB9301F1B2A66CE0020EB29 /* NodNotificationController.m */,
				6A5FE4E31B2A2B24006DAFE8 /* GlanceController.h */,
				6A5FE4E41B2A2B24006DAFE8 /* GlanceController.m */,
			);
			name = "Interface Controllers";
			sourceTree = "<group>";
		};
		6A053D401B2A37E1006337E1 /* Table Rows */ = {
			isa = PBXGroup;
			children = (
				6A053D471B2A3848006337E1 /* CustomTableRow.h */,
				6A053D481B2A3848006337E1 /* CustomTableRow.m */,
			);
			name = "Table Rows";
			sourceTree = "<group>";
		};
		6A5FE4A41B2A2B23006DAFE8 = {
			isa = PBXGroup;
			children = (
				6A5FE4AF1B2A2B23006DAFE8 /* NodWatchTestApp */,
				6A5FE4C81B2A2B23006DAFE8 /* NodWatchTestApp WatchKit App */,
				6A5FE4D71B2A2B24006DAFE8 /* NodWatchTestApp WatchKit Extension */,
				6A5FE4AE1B2A2B23006DAFE8 /* Products */,
			);
			sourceTree = "<group>";
		};
		6A5FE4AE1B2A2B23006DAFE8 /* Products */ = {
			isa = PBXGroup;
			children = (
				6A5FE4AD1B2A2B23006DAFE8 /* NodWatchTestApp.app */,
				6A5FE4C41B2A2B23006DAFE8 /* NodWatchTestApp WatchKit App.app */,
				6A5FE4D31B2A2B24006DAFE8 /* NodWatchTestApp WatchKit Extension.appex */,
			);
			name = Products;
			sourceTree = "<group>";
		};
		6A5FE4AF1B2A2B23006DAFE8 /* NodWatchTestApp */ = {
			isa = PBXGroup;
			children = (
				6A5FE4B31B2A2B23006DAFE8 /* AppDelegate.h */,
				6A5FE4B41B2A2B23006DAFE8 /* AppDelegate.m */,
				6AB9301B1B2A53260020EB29 /* NodMessageTableViewController.h */,
				6AB9301C1B2A53260020EB29 /* NodMessageTableViewController.m */,
				6A5FE4B91B2A2B23006DAFE8 /* Main.storyboard */,
				6A5FE4BC1B2A2B23006DAFE8 /* Assets.xcassets */,
				6A5FE4BE1B2A2B23006DAFE8 /* LaunchScreen.storyboard */,
				6A5FE4C11B2A2B23006DAFE8 /* Info.plist */,
				6A5FE4B01B2A2B23006DAFE8 /* Supporting Files */,
			);
			path = NodWatchTestApp;
			sourceTree = "<group>";
		};
		6A5FE4B01B2A2B23006DAFE8 /* Supporting Files */ = {
			isa = PBXGroup;
			children = (
				6A5FE4B11B2A2B23006DAFE8 /* main.m */,
			);
			name = "Supporting Files";
			sourceTree = "<group>";
		};
		6A5FE4C81B2A2B23006DAFE8 /* NodWatchTestApp WatchKit App */ = {
			isa = PBXGroup;
			children = (
				6A5FE4C91B2A2B23006DAFE8 /* Interface.storyboard */,
				6A5FE4CC1B2A2B23006DAFE8 /* Assets.xcassets */,
				6A5FE4CE1B2A2B23006DAFE8 /* Info.plist */,
			);
			path = "NodWatchTestApp WatchKit App";
			sourceTree = "<group>";
		};
		6A5FE4D71B2A2B24006DAFE8 /* NodWatchTestApp WatchKit Extension */ = {
			isa = PBXGroup;
			children = (
				6A053D401B2A37E1006337E1 /* Table Rows */,
				6A053D3B1B2A36A8006337E1 /* Interface Controllers */,
				6A5FE4DD1B2A2B24006DAFE8 /* ExtensionDelegate.h */,
				6A5FE4DE1B2A2B24006DAFE8 /* ExtensionDelegate.m */,
				6A5FE4E61B2A2B24006DAFE8 /* Assets.xcassets */,
				6A5FE4E81B2A2B24006DAFE8 /* Info.plist */,
				6A5FE4D81B2A2B24006DAFE8 /* Supporting Files */,
			);
			path = "NodWatchTestApp WatchKit Extension";
			sourceTree = "<group>";
		};
		6A5FE4D81B2A2B24006DAFE8 /* Supporting Files */ = {
			isa = PBXGroup;
			children = (
				6A5FE4D91B2A2B24006DAFE8 /* PushNotificationPayload.apns */,
			);
			name = "Supporting Files";
			sourceTree = "<group>";
		};
		6A6CBED81B2CD917002C1226 /* Nod Sending Interface Controllers */ = {
			isa = PBXGroup;
			children = (
				6A0AFF931B2CA96A00F7F8F5 /* SendNodInterfaceController.h */,
				6A0AFF941B2CA96A00F7F8F5 /* SendNodInterfaceController.m */,
				6A6CBED21B2CD8BD002C1226 /* SendingNodInterfaceController.h */,
				6A6CBED31B2CD8BD002C1226 /* SendingNodInterfaceController.m */,
			);
			name = "Nod Sending Interface Controllers";
			sourceTree = "<group>";
		};
/* End PBXGroup section */

/* Begin PBXNativeTarget section */
		6A5FE4AC1B2A2B23006DAFE8 /* NodWatchTestApp */ = {
			isa = PBXNativeTarget;
			buildConfigurationList = 6A5FE4F31B2A2B24006DAFE8 /* Build configuration list for PBXNativeTarget "NodWatchTestApp" */;
			buildPhases = (
				6A5FE4A91B2A2B23006DAFE8 /* Sources */,
				6A5FE4AA1B2A2B23006DAFE8 /* Frameworks */,
				6A5FE4AB1B2A2B23006DAFE8 /* Resources */,
				6A5FE4F21B2A2B24006DAFE8 /* Embed Watch Content */,
			);
			buildRules = (
			);
			dependencies = (
				6A5FE4C71B2A2B23006DAFE8 /* PBXTargetDependency */,
			);
			name = NodWatchTestApp;
			productName = NodWatchTestApp;
			productReference = 6A5FE4AD1B2A2B23006DAFE8 /* NodWatchTestApp.app */;
			productType = "com.apple.product-type.application";
		};
		6A5FE4C31B2A2B23006DAFE8 /* NodWatchTestApp WatchKit App */ = {
			isa = PBXNativeTarget;
			buildConfigurationList = 6A5FE4EF1B2A2B24006DAFE8 /* Build configuration list for PBXNativeTarget "NodWatchTestApp WatchKit App" */;
			buildPhases = (
				6A5FE4C21B2A2B23006DAFE8 /* Resources */,
				6A5FE4EE1B2A2B24006DAFE8 /* Embed App Extensions */,
			);
			buildRules = (
			);
			dependencies = (
				6A5FE4D61B2A2B24006DAFE8 /* PBXTargetDependency */,
			);
			name = "NodWatchTestApp WatchKit App";
			productName = "NodWatchTestApp WatchKit App";
			productReference = 6A5FE4C41B2A2B23006DAFE8 /* NodWatchTestApp WatchKit App.app */;
			productType = "com.apple.product-type.application.watchapp2";
		};
		6A5FE4D21B2A2B24006DAFE8 /* NodWatchTestApp WatchKit Extension */ = {
			isa = PBXNativeTarget;
			buildConfigurationList = 6A5FE4EB1B2A2B24006DAFE8 /* Build configuration list for PBXNativeTarget "NodWatchTestApp WatchKit Extension" */;
			buildPhases = (
				6A5FE4CF1B2A2B24006DAFE8 /* Sources */,
				6A5FE4D01B2A2B24006DAFE8 /* Frameworks */,
				6A5FE4D11B2A2B24006DAFE8 /* Resources */,
			);
			buildRules = (
			);
			dependencies = (
			);
			name = "NodWatchTestApp WatchKit Extension";
			productName = "NodWatchTestApp WatchKit Extension";
			productReference = 6A5FE4D31B2A2B24006DAFE8 /* NodWatchTestApp WatchKit Extension.appex */;
			productType = "com.apple.product-type.watchkit2-extension";
		};
/* End PBXNativeTarget section */

/* Begin PBXProject section */
		6A5FE4A51B2A2B23006DAFE8 /* Project object */ = {
			isa = PBXProject;
			attributes = {
				LastUpgradeCheck = 0700;
				ORGANIZATIONNAME = "Nam Kim";
				TargetAttributes = {
					6A5FE4AC1B2A2B23006DAFE8 = {
						CreatedOnToolsVersion = 7.0;
					};
					6A5FE4C31B2A2B23006DAFE8 = {
						CreatedOnToolsVersion = 7.0;
					};
					6A5FE4D21B2A2B24006DAFE8 = {
						CreatedOnToolsVersion = 7.0;
					};
				};
			};
			buildConfigurationList = 6A5FE4A81B2A2B23006DAFE8 /* Build configuration list for PBXProject "NodWatchTestApp" */;
			compatibilityVersion = "Xcode 3.2";
			developmentRegion = English;
			hasScannedForEncodings = 0;
			knownRegions = (
				en,
				Base,
			);
			mainGroup = 6A5FE4A41B2A2B23006DAFE8;
			productRefGroup = 6A5FE4AE1B2A2B23006DAFE8 /* Products */;
			projectDirPath = "";
			projectRoot = "";
			targets = (
				6A5FE4AC1B2A2B23006DAFE8 /* NodWatchTestApp */,
				6A5FE4C31B2A2B23006DAFE8 /* NodWatchTestApp WatchKit App */,
				6A5FE4D21B2A2B24006DAFE8 /* NodWatchTestApp WatchKit Extension */,
			);
		};
/* End PBXProject section */

/* Begin PBXResourcesBuildPhase section */
		6A5FE4AB1B2A2B23006DAFE8 /* Resources */ = {
			isa = PBXResourcesBuildPhase;
			buildActionMask = 2147483647;
			files = (
				6A5FE4C01B2A2B23006DAFE8 /* LaunchScreen.storyboard in Resources */,
				6A5FE4BD1B2A2B23006DAFE8 /* Assets.xcassets in Resources */,
				6A5FE4BB1B2A2B23006DAFE8 /* Main.storyboard in Resources */,
			);
			runOnlyForDeploymentPostprocessing = 0;
		};
		6A5FE4C21B2A2B23006DAFE8 /* Resources */ = {
			isa = PBXResourcesBuildPhase;
			buildActionMask = 2147483647;
			files = (
				6A5FE4CD1B2A2B23006DAFE8 /* Assets.xcassets in Resources */,
				6A5FE4CB1B2A2B23006DAFE8 /* Interface.storyboard in Resources */,
			);
			runOnlyForDeploymentPostprocessing = 0;
		};
		6A5FE4D11B2A2B24006DAFE8 /* Resources */ = {
			isa = PBXResourcesBuildPhase;
			buildActionMask = 2147483647;
			files = (
				6A5FE4E71B2A2B24006DAFE8 /* Assets.xcassets in Resources */,
			);
			runOnlyForDeploymentPostprocessing = 0;
		};
/* End PBXResourcesBuildPhase section */

/* Begin PBXSourcesBuildPhase section */
		6A5FE4A91B2A2B23006DAFE8 /* Sources */ = {
			isa = PBXSourcesBuildPhase;
			buildActionMask = 2147483647;
			files = (
				6A5FE4B51B2A2B23006DAFE8 /* AppDelegate.m in Sources */,
				6AB9301D1B2A53260020EB29 /* NodMessageTableViewController.m in Sources */,
				6A5FE4B21B2A2B23006DAFE8 /* main.m in Sources */,
			);
			runOnlyForDeploymentPostprocessing = 0;
		};
		6A5FE4CF1B2A2B24006DAFE8 /* Sources */ = {
			isa = PBXSourcesBuildPhase;
			buildActionMask = 2147483647;
			files = (
				6A5FE5011B2A2C24006DAFE8 /* NodResponseInterfaceController.m in Sources */,
				6A5FE4DF1B2A2B24006DAFE8 /* ExtensionDelegate.m in Sources */,
				6AB930201B2A66CE0020EB29 /* NodNotificationController.m in Sources */,
				6A5FE4FE1B2A2C15006DAFE8 /* NodMainInterfaceController.m in Sources */,
				6A97A4CC1B2A4A5E00F85550 /* NodMessageInterfaceController.m in Sources */,
				6A053D491B2A3848006337E1 /* CustomTableRow.m in Sources */,
				6A5FE4E51B2A2B24006DAFE8 /* GlanceController.m in Sources */,
				6A0AFF951B2CA96A00F7F8F5 /* SendNodInterfaceController.m in Sources */,
				6A6CBED41B2CD8BD002C1226 /* SendingNodInterfaceController.m in Sources */,
			);
			runOnlyForDeploymentPostprocessing = 0;
		};
/* End PBXSourcesBuildPhase section */

/* Begin PBXTargetDependency section */
		6A5FE4C71B2A2B23006DAFE8 /* PBXTargetDependency */ = {
			isa = PBXTargetDependency;
			target = 6A5FE4C31B2A2B23006DAFE8 /* NodWatchTestApp WatchKit App */;
			targetProxy = 6A5FE4C61B2A2B23006DAFE8 /* PBXContainerItemProxy */;
		};
		6A5FE4D61B2A2B24006DAFE8 /* PBXTargetDependency */ = {
			isa = PBXTargetDependency;
			target = 6A5FE4D21B2A2B24006DAFE8 /* NodWatchTestApp WatchKit Extension */;
			targetProxy = 6A5FE4D51B2A2B24006DAFE8 /* PBXContainerItemProxy */;
		};
/* End PBXTargetDependency section */

/* Begin PBXVariantGroup section */
		6A5FE4B91B2A2B23006DAFE8 /* Main.storyboard */ = {
			isa = PBXVariantGroup;
			children = (
				6A5FE4BA1B2A2B23006DAFE8 /* Base */,
			);
			name = Main.storyboard;
			sourceTree = "<group>";
		};
		6A5FE4BE1B2A2B23006DAFE8 /* LaunchScreen.storyboard */ = {
			isa = PBXVariantGroup;
			children = (
				6A5FE4BF1B2A2B23006DAFE8 /* Base */,
			);
			name = LaunchScreen.storyboard;
			sourceTree = "<group>";
		};
		6A5FE4C91B2A2B23006DAFE8 /* Interface.storyboard */ = {
			isa = PBXVariantGroup;
			children = (
				6A5FE4CA1B2A2B23006DAFE8 /* Base */,
			);
			name = Interface.storyboard;
			sourceTree = "<group>";
		};
/* End PBXVariantGroup section */

/* Begin XCBuildConfiguration section */
		6A5FE4E91B2A2B24006DAFE8 /* Debug */ = {
			isa = XCBuildConfiguration;
			buildSettings = {
				ALWAYS_SEARCH_USER_PATHS = NO;
				CLANG_CXX_LANGUAGE_STANDARD = "gnu++0x";
				CLANG_CXX_LIBRARY = "libc++";
				CLANG_ENABLE_MODULES = YES;
				CLANG_ENABLE_OBJC_ARC = YES;
				CLANG_WARN_BOOL_CONVERSION = YES;
				CLANG_WARN_CONSTANT_CONVERSION = YES;
				CLANG_WARN_DIRECT_OBJC_ISA_USAGE = YES_ERROR;
				CLANG_WARN_EMPTY_BODY = YES;
				CLANG_WARN_ENUM_CONVERSION = YES;
				CLANG_WARN_INT_CONVERSION = YES;
				CLANG_WARN_OBJC_ROOT_CLASS = YES_ERROR;
				CLANG_WARN_UNREACHABLE_CODE = YES;
				CLANG_WARN__DUPLICATE_METHOD_MATCH = YES;
				"CODE_SIGN_IDENTITY[sdk=iphoneos*]" = "iPhone Developer";
				COPY_PHASE_STRIP = NO;
				DEBUG_INFORMATION_FORMAT = dwarf;
				ENABLE_STRICT_OBJC_MSGSEND = YES;
				ENABLE_TESTABILITY = YES;
				GCC_C_LANGUAGE_STANDARD = gnu99;
				GCC_DYNAMIC_NO_PIC = NO;
				GCC_NO_COMMON_BLOCKS = YES;
				GCC_OPTIMIZATION_LEVEL = 0;
				GCC_PREPROCESSOR_DEFINITIONS = (
					"DEBUG=1",
					"$(inherited)",
				);
				GCC_WARN_64_TO_32_BIT_CONVERSION = YES;
				GCC_WARN_ABOUT_RETURN_TYPE = YES_ERROR;
				GCC_WARN_UNDECLARED_SELECTOR = YES;
				GCC_WARN_UNINITIALIZED_AUTOS = YES_AGGRESSIVE;
				GCC_WARN_UNUSED_FUNCTION = YES;
				GCC_WARN_UNUSED_VARIABLE = YES;
				IPHONEOS_DEPLOYMENT_TARGET = 9.0;
				MTL_ENABLE_DEBUG_INFO = YES;
				ONLY_ACTIVE_ARCH = YES;
				SDKROOT = iphoneos;
				TARGETED_DEVICE_FAMILY = "1,2";
			};
			name = Debug;
		};
		6A5FE4EA1B2A2B24006DAFE8 /* Release */ = {
			isa = XCBuildConfiguration;
			buildSettings = {
				ALWAYS_SEARCH_USER_PATHS = NO;
				CLANG_CXX_LANGUAGE_STANDARD = "gnu++0x";
				CLANG_CXX_LIBRARY = "libc++";
				CLANG_ENABLE_MODULES = YES;
				CLANG_ENABLE_OBJC_ARC = YES;
				CLANG_WARN_BOOL_CONVERSION = YES;
				CLANG_WARN_CONSTANT_CONVERSION = YES;
				CLANG_WARN_DIRECT_OBJC_ISA_USAGE = YES_ERROR;
				CLANG_WARN_EMPTY_BODY = YES;
				CLANG_WARN_ENUM_CONVERSION = YES;
				CLANG_WARN_INT_CONVERSION = YES;
				CLANG_WARN_OBJC_ROOT_CLASS = YES_ERROR;
				CLANG_WARN_UNREACHABLE_CODE = YES;
				CLANG_WARN__DUPLICATE_METHOD_MATCH = YES;
				"CODE_SIGN_IDENTITY[sdk=iphoneos*]" = "iPhone Developer";
				COPY_PHASE_STRIP = NO;
				DEBUG_INFORMATION_FORMAT = "dwarf-with-dsym";
				ENABLE_NS_ASSERTIONS = NO;
				ENABLE_STRICT_OBJC_MSGSEND = YES;
				GCC_C_LANGUAGE_STANDARD = gnu99;
				GCC_NO_COMMON_BLOCKS = YES;
				GCC_WARN_64_TO_32_BIT_CONVERSION = YES;
				GCC_WARN_ABOUT_RETURN_TYPE = YES_ERROR;
				GCC_WARN_UNDECLARED_SELECTOR = YES;
				GCC_WARN_UNINITIALIZED_AUTOS = YES_AGGRESSIVE;
				GCC_WARN_UNUSED_FUNCTION = YES;
				GCC_WARN_UNUSED_VARIABLE = YES;
				IPHONEOS_DEPLOYMENT_TARGET = 9.0;
				MTL_ENABLE_DEBUG_INFO = NO;
				SDKROOT = iphoneos;
				TARGETED_DEVICE_FAMILY = "1,2";
				VALIDATE_PRODUCT = YES;
			};
			name = Release;
		};
		6A5FE4EC1B2A2B24006DAFE8 /* Debug */ = {
			isa = XCBuildConfiguration;
			buildSettings = {
				"CODE_SIGN_IDENTITY[sdk=watchos*]" = "iPhone Developer";
				INFOPLIST_FILE = "NodWatchTestApp WatchKit Extension/Info.plist";
				LD_RUNPATH_SEARCH_PATHS = "$(inherited) @executable_path/Frameworks @executable_path/../../Frameworks";
				PRODUCT_BUNDLE_IDENTIFIER = ifwe.NodWatchTestApp.watchkitapp.watchkitextension;
				PRODUCT_NAME = "${TARGET_NAME}";
				SDKROOT = watchos;
				SKIP_INSTALL = YES;
				TARGETED_DEVICE_FAMILY = 4;
				WATCHOS_DEPLOYMENT_TARGET = 2.0;
			};
			name = Debug;
		};
		6A5FE4ED1B2A2B24006DAFE8 /* Release */ = {
			isa = XCBuildConfiguration;
			buildSettings = {
				"CODE_SIGN_IDENTITY[sdk=watchos*]" = "iPhone Developer";
				INFOPLIST_FILE = "NodWatchTestApp WatchKit Extension/Info.plist";
				LD_RUNPATH_SEARCH_PATHS = "$(inherited) @executable_path/Frameworks @executable_path/../../Frameworks";
				PRODUCT_BUNDLE_IDENTIFIER = ifwe.NodWatchTestApp.watchkitapp.watchkitextension;
				PRODUCT_NAME = "${TARGET_NAME}";
				SDKROOT = watchos;
				SKIP_INSTALL = YES;
				TARGETED_DEVICE_FAMILY = 4;
				WATCHOS_DEPLOYMENT_TARGET = 2.0;
			};
			name = Release;
		};
		6A5FE4F01B2A2B24006DAFE8 /* Debug */ = {
			isa = XCBuildConfiguration;
			buildSettings = {
				ASSETCATALOG_COMPILER_APPICON_NAME = AppIcon;
				"CODE_SIGN_IDENTITY[sdk=watchos*]" = "iPhone Developer";
				IBSC_MODULE = NodWatchTestApp_WatchKit_Extension;
				INFOPLIST_FILE = "NodWatchTestApp WatchKit App/Info.plist";
				PRODUCT_BUNDLE_IDENTIFIER = ifwe.NodWatchTestApp.watchkitapp;
				PRODUCT_NAME = "$(TARGET_NAME)";
				SDKROOT = watchos;
				SKIP_INSTALL = YES;
				TARGETED_DEVICE_FAMILY = 4;
				WATCHOS_DEPLOYMENT_TARGET = 2.0;
			};
			name = Debug;
		};
		6A5FE4F11B2A2B24006DAFE8 /* Release */ = {
			isa = XCBuildConfiguration;
			buildSettings = {
				ASSETCATALOG_COMPILER_APPICON_NAME = AppIcon;
				"CODE_SIGN_IDENTITY[sdk=watchos*]" = "iPhone Developer";
				IBSC_MODULE = NodWatchTestApp_WatchKit_Extension;
				INFOPLIST_FILE = "NodWatchTestApp WatchKit App/Info.plist";
				PRODUCT_BUNDLE_IDENTIFIER = ifwe.NodWatchTestApp.watchkitapp;
				PRODUCT_NAME = "$(TARGET_NAME)";
				SDKROOT = watchos;
				SKIP_INSTALL = YES;
				TARGETED_DEVICE_FAMILY = 4;
				WATCHOS_DEPLOYMENT_TARGET = 2.0;
			};
			name = Release;
		};
		6A5FE4F41B2A2B24006DAFE8 /* Debug */ = {
			isa = XCBuildConfiguration;
			buildSettings = {
				ASSETCATALOG_COMPILER_APPICON_NAME = AppIcon;
				INFOPLIST_FILE = NodWatchTestApp/Info.plist;
				LD_RUNPATH_SEARCH_PATHS = "$(inherited) @executable_path/Frameworks";
				PRODUCT_BUNDLE_IDENTIFIER = ifwe.NodWatchTestApp;
				PRODUCT_NAME = "$(TARGET_NAME)";
			};
			name = Debug;
		};
		6A5FE4F51B2A2B24006DAFE8 /* Release */ = {
			isa = XCBuildConfiguration;
			buildSettings = {
				ASSETCATALOG_COMPILER_APPICON_NAME = AppIcon;
				INFOPLIST_FILE = NodWatchTestApp/Info.plist;
				LD_RUNPATH_SEARCH_PATHS = "$(inherited) @executable_path/Frameworks";
				PRODUCT_BUNDLE_IDENTIFIER = ifwe.NodWatchTestApp;
				PRODUCT_NAME = "$(TARGET_NAME)";
			};
			name = Release;
		};
/* End XCBuildConfiguration section */

/* Begin XCConfigurationList section */
		6A5FE4A81B2A2B23006DAFE8 /* Build configuration list for PBXProject "NodWatchTestApp" */ = {
			isa = XCConfigurationList;
			buildConfigurations = (
				6A5FE4E91B2A2B24006DAFE8 /* Debug */,
				6A5FE4EA1B2A2B24006DAFE8 /* Release */,
			);
			defaultConfigurationIsVisible = 0;
			defaultConfigurationName = Release;
		};
		6A5FE4EB1B2A2B24006DAFE8 /* Build configuration list for PBXNativeTarget "NodWatchTestApp WatchKit Extension" */ = {
			isa = XCConfigurationList;
			buildConfigurations = (
				6A5FE4EC1B2A2B24006DAFE8 /* Debug */,
				6A5FE4ED1B2A2B24006DAFE8 /* Release */,
			);
			defaultConfigurationIsVisible = 0;
			defaultConfigurationName = Release;
		};
		6A5FE4EF1B2A2B24006DAFE8 /* Build configuration list for PBXNativeTarget "NodWatchTestApp WatchKit App" */ = {
			isa = XCConfigurationList;
			buildConfigurations = (
				6A5FE4F01B2A2B24006DAFE8 /* Debug */,
				6A5FE4F11B2A2B24006DAFE8 /* Release */,
			);
			defaultConfigurationIsVisible = 0;
			defaultConfigurationName = Release;
		};
		6A5FE4F31B2A2B24006DAFE8 /* Build configuration list for PBXNativeTarget "NodWatchTestApp" */ = {
			isa = XCConfigurationList;
			buildConfigurations = (
				6A5FE4F41B2A2B24006DAFE8 /* Debug */,
				6A5FE4F51B2A2B24006DAFE8 /* Release */,
			);
			defaultConfigurationIsVisible = 0;
			defaultConfigurationName = Release;
		};
/* End XCConfigurationList section */
	};
	rootObject = 6A5FE4A51B2A2B23006DAFE8 /* Project object */;
}
